{
  "name": "@ahaines/protovalidate-es-vs-go",
  "lockfileVersion": 3,
  "requires": true,
  "packages": {
    "": {
      "name": "@ahaines/protovalidate-es-vs-go",
      "dependencies": {
        "@bufbuild/protobuf": "2.10.1",
        "@bufbuild/protovalidate": "1.0.0"
      }
    },
    "node_modules/@bufbuild/cel": {
      "version": "0.3.0",
      "resolved": "https://registry.npmjs.org/@bufbuild/cel/-/cel-0.3.0.tgz",
      "integrity": "sha512-vIdcn0Ot6XDKakcDqEQvvlCtMlYwLlxc++SrVjjCmYIiZRH+tlr1GRYpe5R9kguSiTS3BLh7C+I7ZoektVPICQ==",
      "license": "Apache-2.0",
      "dependencies": {
        "@bufbuild/cel-spec": "0.3.0"
      },
      "peerDependencies": {
        "@bufbuild/protobuf": "^2.6.2"
      }
    },
    "node_modules/@bufbuild/cel-spec": {
      "version": "0.3.0",
      "resolved": "https://registry.npmjs.org/@bufbuild/cel-spec/-/cel-spec-0.3.0.tgz",
      "integrity": "sha512-mN669LGlXkYNco6NzSTpFoW52UwGb0h5UJNct43nkOjk9YrgUtzcBn9PfjrwbyAe3OlUtasvXAFf1Tjs3NQLOg==",
      "license": "Apache-2.0",
      "peerDependencies": {
        "@bufbuild/protobuf": "^2.6.2"
      }
    },
    "node_modules/@bufbuild/protobuf": {
      "version": "2.10.1",
      "resolved": "https://registry.npmjs.org/@bufbuild/protobuf/-/protobuf-2.10.1.tgz",
      "integrity": "sha512-ckS3+vyJb5qGpEYv/s1OebUHDi/xSNtfgw1wqKZo7MR9F2z+qXr0q5XagafAG/9O0QPVIUfST0smluYSTpYFkg==",
      "license": "(Apache-2.0 AND BSD-3-Clause)",
      "peer": true
    },
    "node_modules/@bufbuild/protovalidate": {
      "version": "1.0.0",
      "resolved": "https://registry.npmjs.org/@bufbuild/protovalidate/-/protovalidate-1.0.0.tgz",
      "integrity": "sha512-ICGANMQXaPKdR5BJ+6/L3nySHOZQQEZQvvivSZCFb799138obPLjNk32rSIKOMrA/YHc4Y2W738e+SL3CbZXSg==",
      "license": "Apache-2.0",
      "dependencies": {
        "@bufbuild/cel": "0.3.0"
      },
      "peerDependencies": {
        "@bufbuild/protobuf": "^2.8.0"
      }
    }
  }
}
